PODS:
  - Alamofire (2.0.0)
  - AWSCognito (2.2.4):
    - AWSCore (= 2.2.4)
  - AWSCore (2.2.4)
  - AWSS3 (2.2.4):
    - AWSCore (= 2.2.4)
  - SwiftyJSON (2.3.0)

DEPENDENCIES:
  - Alamofire (= 2.0)
  - AWSCognito
  - AWSS3 (~> 2.2.0)
  - SwiftyJSON (from `https://github.com/SwiftyJSON/SwiftyJSON.git`)

EXTERNAL SOURCES:
  SwiftyJSON:
    :git: https://github.com/SwiftyJSON/SwiftyJSON.git

CHECKOUT OPTIONS:
  SwiftyJSON:
    :commit: 3b5d0d4e0c19173b1bf0dc823bde25ad870f70c0
    :git: https://github.com/SwiftyJSON/SwiftyJSON.git

SPEC CHECKSUMS:
  Alamofire: 2f13548b29d25a58ecd91c9225fb51493e2b782b
  AWSCognito: 1ee514de6d25940f4e498ab8c82ec162c33f7c47
  AWSCore: 483fa0f25c8508e3364f818e9b941c6204619afa
  AWSS3: da758d5a95e65bb9e6e718245c1a86b6f63de9ae
  SwiftyJSON: 8d6b61a70277ef2a5d710d372e06e7e2d87fb9e4

COCOAPODS: 0.38.2
