// !$*UTF8*$!
{
	archiveVersion = 1;
	classes = {
	};
	objectVersion = 46;
	objects = {

/* Begin PBXBuildFile section */
		6A0EEF8E1B88FEE800A61325 /* AWSServices.swift in Sources */ = {isa = PBXBuildFile; fileRef = 6A0EEF8D1B88FEE800A61325 /* AWSServices.swift */; };
		6A0EEF941B890BF800A61325 /* camera.png in Resources */ = {isa = PBXBuildFile; fileRef = 6A0EEF931B890BF800A61325 /* camera.png */; };
		6A0EEF961B890D4A00A61325 /* CadastroViewController.swift in Sources */ = {isa = PBXBuildFile; fileRef = 6A0EEF951B890D4A00A61325 /* CadastroViewController.swift */; };
		6A0EEF981B8950F500A61325 /* Alerta.swift in Sources */ = {isa = PBXBuildFile; fileRef = 6A0EEF971B8950F400A61325 /* Alerta.swift */; };
		6A3F11901BB36FEB000810E0 /* Checked-25.png in Resources */ = {isa = PBXBuildFile; fileRef = 6A3F118B1BB36FEB000810E0 /* Checked-25.png */; settings = {ASSET_TAGS = (); }; };
		6A3F11911BB36FEB000810E0 /* Checked-32.png in Resources */ = {isa = PBXBuildFile; fileRef = 6A3F118C1BB36FEB000810E0 /* Checked-32.png */; settings = {ASSET_TAGS = (); }; };
		6A3F11921BB36FEB000810E0 /* Checked-50.png in Resources */ = {isa = PBXBuildFile; fileRef = 6A3F118D1BB36FEB000810E0 /* Checked-50.png */; settings = {ASSET_TAGS = (); }; };
		6A3F11931BB36FEB000810E0 /* img-fundo.png in Resources */ = {isa = PBXBuildFile; fileRef = 6A3F118E1BB36FEB000810E0 /* img-fundo.png */; settings = {ASSET_TAGS = (); }; };
		6A3F11941BB36FEB000810E0 /* pets.png in Resources */ = {isa = PBXBuildFile; fileRef = 6A3F118F1BB36FEB000810E0 /* pets.png */; settings = {ASSET_TAGS = (); }; };
		6ABF9EC21BB3831300F69100 /* dog.jpeg in Resources */ = {isa = PBXBuildFile; fileRef = 6ABF9EC11BB3831300F69100 /* dog.jpeg */; settings = {ASSET_TAGS = (); }; };
		870B5A371B7E0ECE0087063C /* PetCell.swift in Sources */ = {isa = PBXBuildFile; fileRef = 870B5A361B7E0ECE0087063C /* PetCell.swift */; };
		875398ED1B70DF6C00752667 /* AppDelegate.swift in Sources */ = {isa = PBXBuildFile; fileRef = 875398EC1B70DF6C00752667 /* AppDelegate.swift */; };
		875398EF1B70DF6C00752667 /* ViewController.swift in Sources */ = {isa = PBXBuildFile; fileRef = 875398EE1B70DF6C00752667 /* ViewController.swift */; };
		875398F21B70DF6C00752667 /* Main.storyboard in Resources */ = {isa = PBXBuildFile; fileRef = 875398F01B70DF6C00752667 /* Main.storyboard */; };
		875398F41B70DF6C00752667 /* Images.xcassets in Resources */ = {isa = PBXBuildFile; fileRef = 875398F31B70DF6C00752667 /* Images.xcassets */; };
		875398F71B70DF6C00752667 /* LaunchScreen.xib in Resources */ = {isa = PBXBuildFile; fileRef = 875398F51B70DF6C00752667 /* LaunchScreen.xib */; };
		875399031B70DF6C00752667 /* AppAnimalTests.swift in Sources */ = {isa = PBXBuildFile; fileRef = 875399021B70DF6C00752667 /* AppAnimalTests.swift */; };
		8753FFBB1BB39DFD00ABFAEA /* osso.png in Resources */ = {isa = PBXBuildFile; fileRef = 8753FFB71BB39DFD00ABFAEA /* osso.png */; settings = {ASSET_TAGS = (); }; };
		8753FFBC1BB39DFD00ABFAEA /* bones-307870_640.png in Resources */ = {isa = PBXBuildFile; fileRef = 8753FFB81BB39DFD00ABFAEA /* bones-307870_640.png */; settings = {ASSET_TAGS = (); }; };
		8753FFBD1BB39DFD00ABFAEA /* th-Cartoon-Bone.png in Resources */ = {isa = PBXBuildFile; fileRef = 8753FFB91BB39DFD00ABFAEA /* th-Cartoon-Bone.png */; settings = {ASSET_TAGS = (); }; };
		8753FFBE1BB39DFD00ABFAEA /* Osso_de_Chafer.png in Resources */ = {isa = PBXBuildFile; fileRef = 8753FFBA1BB39DFD00ABFAEA /* Osso_de_Chafer.png */; settings = {ASSET_TAGS = (); }; };
		8756DCEC1BB20D0400703C1C /* ENSideMenu.swift in Sources */ = {isa = PBXBuildFile; fileRef = 8756DCEA1BB20D0400703C1C /* ENSideMenu.swift */; settings = {ASSET_TAGS = (); }; };
		8756DCED1BB20D0400703C1C /* ENSideMenuNavigationController.swift in Sources */ = {isa = PBXBuildFile; fileRef = 8756DCEB1BB20D0400703C1C /* ENSideMenuNavigationController.swift */; settings = {ASSET_TAGS = (); }; };
		8756DCEF1BB20D1500703C1C /* MyNavigationController.swift in Sources */ = {isa = PBXBuildFile; fileRef = 8756DCEE1BB20D1500703C1C /* MyNavigationController.swift */; settings = {ASSET_TAGS = (); }; };
		8756DCF11BB20D3800703C1C /* MyMenuTableViewController.swift in Sources */ = {isa = PBXBuildFile; fileRef = 8756DCF01BB20D3800703C1C /* MyMenuTableViewController.swift */; settings = {ASSET_TAGS = (); }; };
		8756DCF31BB2149E00703C1C /* BaseController.swift in Sources */ = {isa = PBXBuildFile; fileRef = 8756DCF21BB2149E00703C1C /* BaseController.swift */; settings = {ASSET_TAGS = (); }; };
		8756DCF51BB2328E00703C1C /* Video.swift in Sources */ = {isa = PBXBuildFile; fileRef = 8756DCF41BB2328E00703C1C /* Video.swift */; settings = {ASSET_TAGS = (); }; };
		8756DCF91BB23F8D00703C1C /* MapaPet.swift in Sources */ = {isa = PBXBuildFile; fileRef = 8756DCF81BB23F8D00703C1C /* MapaPet.swift */; settings = {ASSET_TAGS = (); }; };
		8756DD071BB2567500703C1C /* osso4.png in Resources */ = {isa = PBXBuildFile; fileRef = 8756DD061BB2567500703C1C /* osso4.png */; settings = {ASSET_TAGS = (); }; };
		8756DD091BB25A0400703C1C /* osso5.png in Resources */ = {isa = PBXBuildFile; fileRef = 8756DD081BB25A0400703C1C /* osso5.png */; settings = {ASSET_TAGS = (); }; };
		8756F15D1BC6080100FC442A /* main_bt_play_escu.png in Resources */ = {isa = PBXBuildFile; fileRef = 8756F15A1BC6080100FC442A /* main_bt_play_escu.png */; settings = {ASSET_TAGS = (); }; };
		8756F15E1BC6080100FC442A /* main_bt_play2.png in Resources */ = {isa = PBXBuildFile; fileRef = 8756F15B1BC6080100FC442A /* main_bt_play2.png */; settings = {ASSET_TAGS = (); }; };
		8756F15F1BC6080100FC442A /* main_bt_play1.png in Resources */ = {isa = PBXBuildFile; fileRef = 8756F15C1BC6080100FC442A /* main_bt_play1.png */; settings = {ASSET_TAGS = (); }; };
		8756F1611BC6082D00FC442A /* PetVideoCell.xib in Resources */ = {isa = PBXBuildFile; fileRef = 8756F1601BC6082D00FC442A /* PetVideoCell.xib */; settings = {ASSET_TAGS = (); }; };
		8756F1631BC60C5700FC442A /* btCompartilharPressed-iphone.png in Resources */ = {isa = PBXBuildFile; fileRef = 8756F1621BC60C5700FC442A /* btCompartilharPressed-iphone.png */; settings = {ASSET_TAGS = (); }; };
		8756F1651BC60D1F00FC442A /* btCompartilhar.png in Resources */ = {isa = PBXBuildFile; fileRef = 8756F1641BC60D1F00FC442A /* btCompartilhar.png */; settings = {ASSET_TAGS = (); }; };
		8756F1681BC60DEF00FC442A /* close-128.png in Resources */ = {isa = PBXBuildFile; fileRef = 8756F1661BC60DEF00FC442A /* close-128.png */; settings = {ASSET_TAGS = (); }; };
		8756F1691BC60DEF00FC442A /* share-alt-120 (1).png in Resources */ = {isa = PBXBuildFile; fileRef = 8756F1671BC60DEF00FC442A /* share-alt-120 (1).png */; settings = {ASSET_TAGS = (); }; };
		8757DFFD1B7A164D00E1A59E /* GlobalVariables.swift in Sources */ = {isa = PBXBuildFile; fileRef = 8757DFFC1B7A164D00E1A59E /* GlobalVariables.swift */; };
		8757DFFF1B7A182100E1A59E /* ClientSW.swift in Sources */ = {isa = PBXBuildFile; fileRef = 8757DFFE1B7A182100E1A59E /* ClientSW.swift */; };
		87809B451BB12ECE000E1F3A /* DetalhePet.swift in Sources */ = {isa = PBXBuildFile; fileRef = 87809B441BB12ECE000E1F3A /* DetalhePet.swift */; settings = {ASSET_TAGS = (); }; };
		87885BF61B7CBB4700664193 /* Pet.swift in Sources */ = {isa = PBXBuildFile; fileRef = 87885BF51B7CBB4700664193 /* Pet.swift */; };
		87885BF81B7CBD4000664193 /* ParseModels.swift in Sources */ = {isa = PBXBuildFile; fileRef = 87885BF71B7CBD4000664193 /* ParseModels.swift */; };
		879967791BAA739700A3B0A6 /* PetTeste.swift in Sources */ = {isa = PBXBuildFile; fileRef = 879967781BAA739700A3B0A6 /* PetTeste.swift */; };
		879FDAF31BC4A8CB00A96A7E /* DescricaoViewController.swift in Sources */ = {isa = PBXBuildFile; fileRef = 879FDAF11BC4A8CB00A96A7E /* DescricaoViewController.swift */; settings = {ASSET_TAGS = (); }; };
		879FDAF41BC4A8CB00A96A7E /* DescricaoViewController.xib in Resources */ = {isa = PBXBuildFile; fileRef = 879FDAF21BC4A8CB00A96A7E /* DescricaoViewController.xib */; settings = {ASSET_TAGS = (); }; };
		879FDB0E1BC4C54C00A96A7E /* MediaPlayer.framework in Frameworks */ = {isa = PBXBuildFile; fileRef = 879FDB0D1BC4C54C00A96A7E /* MediaPlayer.framework */; };
		87A9D7C71B83577600C7CC06 /* PetCell.xib in Resources */ = {isa = PBXBuildFile; fileRef = 87A9D7C61B83577600C7CC06 /* PetCell.xib */; };
		F279737F601E0C6B1888DAC8 /* Pods_AppAnimal.framework in Frameworks */ = {isa = PBXBuildFile; fileRef = 88700CC3DE1DB281FF57A9A7 /* Pods_AppAnimal.framework */; settings = {ATTRIBUTES = (Weak, ); }; };
/* End PBXBuildFile section */

/* Begin PBXContainerItemProxy section */
		875398FD1B70DF6C00752667 /* PBXContainerItemProxy */ = {
			isa = PBXContainerItemProxy;
			containerPortal = 875398DF1B70DF6C00752667 /* Project object */;
			proxyType = 1;
			remoteGlobalIDString = 875398E61B70DF6C00752667;
			remoteInfo = AppAnimal;
		};
/* End PBXContainerItemProxy section */

/* Begin PBXFileReference section */
		6A0EEF831B88B7CA00A61325 /* ObjectiveC-Bridging-Header.h */ = {isa = PBXFileReference; fileEncoding = 4; lastKnownFileType = sourcecode.c.h; path = "ObjectiveC-Bridging-Header.h"; sourceTree = "<group>"; };
		6A0EEF8D1B88FEE800A61325 /* AWSServices.swift */ = {isa = PBXFileReference; fileEncoding = 4; lastKnownFileType = sourcecode.swift; path = AWSServices.swift; sourceTree = "<group>"; };
		6A0EEF931B890BF800A61325 /* camera.png */ = {isa = PBXFileReference; lastKnownFileType = image.png; path = camera.png; sourceTree = "<group>"; };
		6A0EEF951B890D4A00A61325 /* CadastroViewController.swift */ = {isa = PBXFileReference; fileEncoding = 4; lastKnownFileType = sourcecode.swift; path = CadastroViewController.swift; sourceTree = "<group>"; };
		6A0EEF971B8950F400A61325 /* Alerta.swift */ = {isa = PBXFileReference; fileEncoding = 4; lastKnownFileType = sourcecode.swift; path = Alerta.swift; sourceTree = "<group>"; };
		6A3F118B1BB36FEB000810E0 /* Checked-25.png */ = {isa = PBXFileReference; lastKnownFileType = image.png; path = "Checked-25.png"; sourceTree = "<group>"; };
		6A3F118C1BB36FEB000810E0 /* Checked-32.png */ = {isa = PBXFileReference; lastKnownFileType = image.png; path = "Checked-32.png"; sourceTree = "<group>"; };
		6A3F118D1BB36FEB000810E0 /* Checked-50.png */ = {isa = PBXFileReference; lastKnownFileType = image.png; path = "Checked-50.png"; sourceTree = "<group>"; };
		6A3F118E1BB36FEB000810E0 /* img-fundo.png */ = {isa = PBXFileReference; lastKnownFileType = image.png; path = "img-fundo.png"; sourceTree = "<group>"; };
		6A3F118F1BB36FEB000810E0 /* pets.png */ = {isa = PBXFileReference; lastKnownFileType = image.png; path = pets.png; sourceTree = "<group>"; };
		6ABF9EC11BB3831300F69100 /* dog.jpeg */ = {isa = PBXFileReference; lastKnownFileType = image.jpeg; path = dog.jpeg; sourceTree = "<group>"; };
		80368B6E0D8BA2B664704A66 /* Pods-AppAnimal.debug.xcconfig */ = {isa = PBXFileReference; includeInIndex = 1; lastKnownFileType = text.xcconfig; name = "Pods-AppAnimal.debug.xcconfig"; path = "Pods/Target Support Files/Pods-AppAnimal/Pods-AppAnimal.debug.xcconfig"; sourceTree = "<group>"; };
		870B5A361B7E0ECE0087063C /* PetCell.swift */ = {isa = PBXFileReference; fileEncoding = 4; lastKnownFileType = sourcecode.swift; path = PetCell.swift; sourceTree = "<group>"; };
		875398E71B70DF6C00752667 /* AppAnimal.app */ = {isa = PBXFileReference; explicitFileType = wrapper.application; includeInIndex = 0; path = AppAnimal.app; sourceTree = BUILT_PRODUCTS_DIR; };
		875398EB1B70DF6C00752667 /* Info.plist */ = {isa = PBXFileReference; lastKnownFileType = text.plist.xml; path = Info.plist; sourceTree = "<group>"; };
		875398EC1B70DF6C00752667 /* AppDelegate.swift */ = {isa = PBXFileReference; lastKnownFileType = sourcecode.swift; path = AppDelegate.swift; sourceTree = "<group>"; };
		875398EE1B70DF6C00752667 /* ViewController.swift */ = {isa = PBXFileReference; lastKnownFileType = sourcecode.swift; path = ViewController.swift; sourceTree = "<group>"; };
		875398F11B70DF6C00752667 /* Base */ = {isa = PBXFileReference; lastKnownFileType = file.storyboard; name = Base; path = Base.lproj/Main.storyboard; sourceTree = "<group>"; };
		875398F31B70DF6C00752667 /* Images.xcassets */ = {isa = PBXFileReference; lastKnownFileType = folder.assetcatalog; path = Images.xcassets; sourceTree = "<group>"; };
		875398F61B70DF6C00752667 /* Base */ = {isa = PBXFileReference; lastKnownFileType = file.xib; name = Base; path = Base.lproj/LaunchScreen.xib; sourceTree = "<group>"; };
		875398FC1B70DF6C00752667 /* AppAnimalTests.xctest */ = {isa = PBXFileReference; explicitFileType = wrapper.cfbundle; includeInIndex = 0; path = AppAnimalTests.xctest; sourceTree = BUILT_PRODUCTS_DIR; };
		875399011B70DF6C00752667 /* Info.plist */ = {isa = PBXFileReference; lastKnownFileType = text.plist.xml; path = Info.plist; sourceTree = "<group>"; };
		875399021B70DF6C00752667 /* AppAnimalTests.swift */ = {isa = PBXFileReference; lastKnownFileType = sourcecode.swift; path = AppAnimalTests.swift; sourceTree = "<group>"; };
		8753FFB71BB39DFD00ABFAEA /* osso.png */ = {isa = PBXFileReference; lastKnownFileType = image.png; path = osso.png; sourceTree = "<group>"; };
		8753FFB81BB39DFD00ABFAEA /* bones-307870_640.png */ = {isa = PBXFileReference; lastKnownFileType = image.png; path = "bones-307870_640.png"; sourceTree = "<group>"; };
		8753FFB91BB39DFD00ABFAEA /* th-Cartoon-Bone.png */ = {isa = PBXFileReference; lastKnownFileType = image.png; path = "th-Cartoon-Bone.png"; sourceTree = "<group>"; };
		8753FFBA1BB39DFD00ABFAEA /* Osso_de_Chafer.png */ = {isa = PBXFileReference; lastKnownFileType = image.png; path = Osso_de_Chafer.png; sourceTree = "<group>"; };
		8756DCEA1BB20D0400703C1C /* ENSideMenu.swift */ = {isa = PBXFileReference; fileEncoding = 4; lastKnownFileType = sourcecode.swift; path = ENSideMenu.swift; sourceTree = "<group>"; };
		8756DCEB1BB20D0400703C1C /* ENSideMenuNavigationController.swift */ = {isa = PBXFileReference; fileEncoding = 4; lastKnownFileType = sourcecode.swift; path = ENSideMenuNavigationController.swift; sourceTree = "<group>"; };
		8756DCEE1BB20D1500703C1C /* MyNavigationController.swift */ = {isa = PBXFileReference; fileEncoding = 4; lastKnownFileType = sourcecode.swift; path = MyNavigationController.swift; sourceTree = "<group>"; };
		8756DCF01BB20D3800703C1C /* MyMenuTableViewController.swift */ = {isa = PBXFileReference; fileEncoding = 4; lastKnownFileType = sourcecode.swift; path = MyMenuTableViewController.swift; sourceTree = "<group>"; };
		8756DCF21BB2149E00703C1C /* BaseController.swift */ = {isa = PBXFileReference; fileEncoding = 4; lastKnownFileType = sourcecode.swift; path = BaseController.swift; sourceTree = "<group>"; };
		8756DCF41BB2328E00703C1C /* Video.swift */ = {isa = PBXFileReference; fileEncoding = 4; lastKnownFileType = sourcecode.swift; path = Video.swift; sourceTree = "<group>"; };
		8756DCF81BB23F8D00703C1C /* MapaPet.swift */ = {isa = PBXFileReference; fileEncoding = 4; lastKnownFileType = sourcecode.swift; path = MapaPet.swift; sourceTree = "<group>"; };
		8756DD061BB2567500703C1C /* osso4.png */ = {isa = PBXFileReference; lastKnownFileType = image.png; path = osso4.png; sourceTree = "<group>"; };
		8756DD081BB25A0400703C1C /* osso5.png */ = {isa = PBXFileReference; lastKnownFileType = image.png; path = osso5.png; sourceTree = "<group>"; };
		8756F15A1BC6080100FC442A /* main_bt_play_escu.png */ = {isa = PBXFileReference; lastKnownFileType = image.png; path = main_bt_play_escu.png; sourceTree = "<group>"; };
		8756F15B1BC6080100FC442A /* main_bt_play2.png */ = {isa = PBXFileReference; lastKnownFileType = image.png; path = main_bt_play2.png; sourceTree = "<group>"; };
		8756F15C1BC6080100FC442A /* main_bt_play1.png */ = {isa = PBXFileReference; lastKnownFileType = image.png; path = main_bt_play1.png; sourceTree = "<group>"; };
		8756F1601BC6082D00FC442A /* PetVideoCell.xib */ = {isa = PBXFileReference; fileEncoding = 4; lastKnownFileType = file.xib; path = PetVideoCell.xib; sourceTree = "<group>"; };
		8756F1621BC60C5700FC442A /* btCompartilharPressed-iphone.png */ = {isa = PBXFileReference; lastKnownFileType = image.png; path = "btCompartilharPressed-iphone.png"; sourceTree = "<group>"; };
		8756F1641BC60D1F00FC442A /* btCompartilhar.png */ = {isa = PBXFileReference; lastKnownFileType = image.png; path = btCompartilhar.png; sourceTree = "<group>"; };
		8756F1661BC60DEF00FC442A /* close-128.png */ = {isa = PBXFileReference; lastKnownFileType = image.png; path = "close-128.png"; sourceTree = "<group>"; };
		8756F1671BC60DEF00FC442A /* share-alt-120 (1).png */ = {isa = PBXFileReference; lastKnownFileType = image.png; path = "share-alt-120 (1).png"; sourceTree = "<group>"; };
		8757DFFC1B7A164D00E1A59E /* GlobalVariables.swift */ = {isa = PBXFileReference; fileEncoding = 4; lastKnownFileType = sourcecode.swift; path = GlobalVariables.swift; sourceTree = "<group>"; };
		8757DFFE1B7A182100E1A59E /* ClientSW.swift */ = {isa = PBXFileReference; fileEncoding = 4; lastKnownFileType = sourcecode.swift; path = ClientSW.swift; sourceTree = "<group>"; };
		87809B441BB12ECE000E1F3A /* DetalhePet.swift */ = {isa = PBXFileReference; fileEncoding = 4; lastKnownFileType = sourcecode.swift; path = DetalhePet.swift; sourceTree = "<group>"; };
		87885BF51B7CBB4700664193 /* Pet.swift */ = {isa = PBXFileReference; fileEncoding = 4; lastKnownFileType = sourcecode.swift; path = Pet.swift; sourceTree = "<group>"; };
		87885BF71B7CBD4000664193 /* ParseModels.swift */ = {isa = PBXFileReference; fileEncoding = 4; lastKnownFileType = sourcecode.swift; path = ParseModels.swift; sourceTree = "<group>"; };
		879967781BAA739700A3B0A6 /* PetTeste.swift */ = {isa = PBXFileReference; fileEncoding = 4; lastKnownFileType = sourcecode.swift; path = PetTeste.swift; sourceTree = "<group>"; };
		879FDAF11BC4A8CB00A96A7E /* DescricaoViewController.swift */ = {isa = PBXFileReference; fileEncoding = 4; lastKnownFileType = sourcecode.swift; path = DescricaoViewController.swift; sourceTree = "<group>"; };
		879FDAF21BC4A8CB00A96A7E /* DescricaoViewController.xib */ = {isa = PBXFileReference; fileEncoding = 4; lastKnownFileType = file.xib; path = DescricaoViewController.xib; sourceTree = "<group>"; };
		879FDB0D1BC4C54C00A96A7E /* MediaPlayer.framework */ = {isa = PBXFileReference; lastKnownFileType = wrapper.framework; name = MediaPlayer.framework; path = System/Library/Frameworks/MediaPlayer.framework; sourceTree = SDKROOT; };
		87A9D7C61B83577600C7CC06 /* PetCell.xib */ = {isa = PBXFileReference; fileEncoding = 4; lastKnownFileType = file.xib; path = PetCell.xib; sourceTree = "<group>"; };
		88700CC3DE1DB281FF57A9A7 /* Pods_AppAnimal.framework */ = {isa = PBXFileReference; explicitFileType = wrapper.framework; includeInIndex = 0; path = Pods_AppAnimal.framework; sourceTree = BUILT_PRODUCTS_DIR; };
		F28D07534D1A5A18139FDC88 /* Pods-AppAnimal.release.xcconfig */ = {isa = PBXFileReference; includeInIndex = 1; lastKnownFileType = text.xcconfig; name = "Pods-AppAnimal.release.xcconfig"; path = "Pods/Target Support Files/Pods-AppAnimal/Pods-AppAnimal.release.xcconfig"; sourceTree = "<group>"; };
/* End PBXFileReference section */

/* Begin PBXFrameworksBuildPhase section */
		875398E41B70DF6C00752667 /* Frameworks */ = {
			isa = PBXFrameworksBuildPhase;
			buildActionMask = 2147483647;
			files = (
				879FDB0E1BC4C54C00A96A7E /* MediaPlayer.framework in Frameworks */,
				F279737F601E0C6B1888DAC8 /* Pods_AppAnimal.framework in Frameworks */,
			);
			runOnlyForDeploymentPostprocessing = 0;
		};
		875398F91B70DF6C00752667 /* Frameworks */ = {
			isa = PBXFrameworksBuildPhase;
			buildActionMask = 2147483647;
			files = (
			);
			runOnlyForDeploymentPostprocessing = 0;
		};
/* End PBXFrameworksBuildPhase section */

/* Begin PBXGroup section */
		37C176979D3D72E584A43B57 /* Pods */ = {
			isa = PBXGroup;
			children = (
				80368B6E0D8BA2B664704A66 /* Pods-AppAnimal.debug.xcconfig */,
				F28D07534D1A5A18139FDC88 /* Pods-AppAnimal.release.xcconfig */,
			);
			name = Pods;
			sourceTree = "<group>";
		};
		607A8455F7BE6EB2029C076F /* Frameworks */ = {
			isa = PBXGroup;
			children = (
				879FDB0D1BC4C54C00A96A7E /* MediaPlayer.framework */,
				88700CC3DE1DB281FF57A9A7 /* Pods_AppAnimal.framework */,
			);
			name = Frameworks;
			sourceTree = "<group>";
		};
		6A0EEF911B890BF800A61325 /* Resources */ = {
			isa = PBXGroup;
			children = (
				8753FFB71BB39DFD00ABFAEA /* osso.png */,
				8753FFB81BB39DFD00ABFAEA /* bones-307870_640.png */,
				8753FFB91BB39DFD00ABFAEA /* th-Cartoon-Bone.png */,
				8753FFBA1BB39DFD00ABFAEA /* Osso_de_Chafer.png */,
				6A0EEF921B890BF800A61325 /* imagens */,
			);
			path = Resources;
			sourceTree = "<group>";
		};
		6A0EEF921B890BF800A61325 /* imagens */ = {
			isa = PBXGroup;
			children = (
				8756F1661BC60DEF00FC442A /* close-128.png */,
				8756F1671BC60DEF00FC442A /* share-alt-120 (1).png */,
				8756F1641BC60D1F00FC442A /* btCompartilhar.png */,
				8756F1621BC60C5700FC442A /* btCompartilharPressed-iphone.png */,
				8756F15A1BC6080100FC442A /* main_bt_play_escu.png */,
				8756F15B1BC6080100FC442A /* main_bt_play2.png */,
				8756F15C1BC6080100FC442A /* main_bt_play1.png */,
				6ABF9EC11BB3831300F69100 /* dog.jpeg */,
				6A3F118B1BB36FEB000810E0 /* Checked-25.png */,
				6A3F118C1BB36FEB000810E0 /* Checked-32.png */,
				6A3F118D1BB36FEB000810E0 /* Checked-50.png */,
				6A3F118E1BB36FEB000810E0 /* img-fundo.png */,
				6A3F118F1BB36FEB000810E0 /* pets.png */,
				8756DD081BB25A0400703C1C /* osso5.png */,
				8756DD061BB2567500703C1C /* osso4.png */,
				6A0EEF931B890BF800A61325 /* camera.png */,
			);
			path = imagens;
			sourceTree = "<group>";
		};
		6A0EEF991B8950FA00A61325 /* Util */ = {
			isa = PBXGroup;
			children = (
				879967781BAA739700A3B0A6 /* PetTeste.swift */,
				6A0EEF971B8950F400A61325 /* Alerta.swift */,
			);
			name = Util;
			sourceTree = "<group>";
		};
		875398DE1B70DF6C00752667 = {
			isa = PBXGroup;
			children = (
				875398E91B70DF6C00752667 /* AppAnimal */,
				875398FF1B70DF6C00752667 /* AppAnimalTests */,
				875398E81B70DF6C00752667 /* Products */,
				37C176979D3D72E584A43B57 /* Pods */,
				607A8455F7BE6EB2029C076F /* Frameworks */,
			);
			sourceTree = "<group>";
		};
		875398E81B70DF6C00752667 /* Products */ = {
			isa = PBXGroup;
			children = (
				875398E71B70DF6C00752667 /* AppAnimal.app */,
				875398FC1B70DF6C00752667 /* AppAnimalTests.xctest */,
			);
			name = Products;
			sourceTree = "<group>";
		};
		875398E91B70DF6C00752667 /* AppAnimal */ = {
			isa = PBXGroup;
			children = (
				8753FFB61BB39AAE00ABFAEA /* Cell */,
				8756DCE91BB20CEB00703C1C /* Library */,
				8757E0031B7A185C00E1A59E /* Delegate */,
				8757E0021B7A184400E1A59E /* Controller */,
				8757E0011B7A183B00E1A59E /* Models */,
				8757E0001B7A182C00E1A59E /* WS */,
				875398F01B70DF6C00752667 /* Main.storyboard */,
				875398F31B70DF6C00752667 /* Images.xcassets */,
				875398F51B70DF6C00752667 /* LaunchScreen.xib */,
				6A0EEF991B8950FA00A61325 /* Util */,
				6A0EEF911B890BF800A61325 /* Resources */,
				875398EA1B70DF6C00752667 /* Supporting Files */,
			);
			path = AppAnimal;
			sourceTree = "<group>";
		};
		875398EA1B70DF6C00752667 /* Supporting Files */ = {
			isa = PBXGroup;
			children = (
				6A0EEF831B88B7CA00A61325 /* ObjectiveC-Bridging-Header.h */,
				8757DFFC1B7A164D00E1A59E /* GlobalVariables.swift */,
				875398EB1B70DF6C00752667 /* Info.plist */,
			);
			name = "Supporting Files";
			sourceTree = "<group>";
		};
		875398FF1B70DF6C00752667 /* AppAnimalTests */ = {
			isa = PBXGroup;
			children = (
				875399021B70DF6C00752667 /* AppAnimalTests.swift */,
				875399001B70DF6C00752667 /* Supporting Files */,
			);
			path = AppAnimalTests;
			sourceTree = "<group>";
		};
		875399001B70DF6C00752667 /* Supporting Files */ = {
			isa = PBXGroup;
			children = (
				875399011B70DF6C00752667 /* Info.plist */,
			);
			name = "Supporting Files";
			sourceTree = "<group>";
		};
		8753FFB61BB39AAE00ABFAEA /* Cell */ = {
			isa = PBXGroup;
			children = (
				87A9D7C61B83577600C7CC06 /* PetCell.xib */,
				8756F1601BC6082D00FC442A /* PetVideoCell.xib */,
				870B5A361B7E0ECE0087063C /* PetCell.swift */,
			);
			name = Cell;
			sourceTree = "<group>";
		};
		8756DCE91BB20CEB00703C1C /* Library */ = {
			isa = PBXGroup;
			children = (
				8756DCEA1BB20D0400703C1C /* ENSideMenu.swift */,
				8756DCEB1BB20D0400703C1C /* ENSideMenuNavigationController.swift */,
			);
			name = Library;
			sourceTree = "<group>";
		};
		8757E0001B7A182C00E1A59E /* WS */ = {
			isa = PBXGroup;
			children = (
				8757DFFE1B7A182100E1A59E /* ClientSW.swift */,
				87885BF71B7CBD4000664193 /* ParseModels.swift */,
				6A0EEF8D1B88FEE800A61325 /* AWSServices.swift */,
			);
			name = WS;
			sourceTree = "<group>";
		};
		8757E0011B7A183B00E1A59E /* Models */ = {
			isa = PBXGroup;
			children = (
				87885BF51B7CBB4700664193 /* Pet.swift */,
				8756DCF41BB2328E00703C1C /* Video.swift */,
			);
			name = Models;
			sourceTree = "<group>";
		};
		8757E0021B7A184400E1A59E /* Controller */ = {
			isa = PBXGroup;
			children = (
				879FDAF01BC4A86400A96A7E /* Descricao */,
				8756DCF01BB20D3800703C1C /* MyMenuTableViewController.swift */,
				8756DCEE1BB20D1500703C1C /* MyNavigationController.swift */,
				875398EE1B70DF6C00752667 /* ViewController.swift */,
				6A0EEF951B890D4A00A61325 /* CadastroViewController.swift */,
				87809B441BB12ECE000E1F3A /* DetalhePet.swift */,
				8756DCF21BB2149E00703C1C /* BaseController.swift */,
				8756DCF81BB23F8D00703C1C /* MapaPet.swift */,
			);
			name = Controller;
			sourceTree = "<group>";
		};
		8757E0031B7A185C00E1A59E /* Delegate */ = {
			isa = PBXGroup;
			children = (
				875398EC1B70DF6C00752667 /* AppDelegate.swift */,
			);
			name = Delegate;
			sourceTree = "<group>";
		};
		879FDAF01BC4A86400A96A7E /* Descricao */ = {
			isa = PBXGroup;
			children = (
				879FDAF11BC4A8CB00A96A7E /* DescricaoViewController.swift */,
				879FDAF21BC4A8CB00A96A7E /* DescricaoViewController.xib */,
			);
			name = Descricao;
			sourceTree = "<group>";
		};
/* End PBXGroup section */

/* Begin PBXNativeTarget section */
		875398E61B70DF6C00752667 /* AppAnimal */ = {
			isa = PBXNativeTarget;
			buildConfigurationList = 875399061B70DF6C00752667 /* Build configuration list for PBXNativeTarget "AppAnimal" */;
			buildPhases = (
				4C1C99066716510D45860090 /* Check Pods Manifest.lock */,
				875398E31B70DF6C00752667 /* Sources */,
				875398E41B70DF6C00752667 /* Frameworks */,
				875398E51B70DF6C00752667 /* Resources */,
				74E61A61B3EAE0062A14ACA5 /* Copy Pods Resources */,
				AA63F389D64E5F8FEFFB4F8E /* Embed Pods Frameworks */,
			);
			buildRules = (
			);
			dependencies = (
			);
			name = AppAnimal;
			productName = AppAnimal;
			productReference = 875398E71B70DF6C00752667 /* AppAnimal.app */;
			productType = "com.apple.product-type.application";
		};
		875398FB1B70DF6C00752667 /* AppAnimalTests */ = {
			isa = PBXNativeTarget;
			buildConfigurationList = 875399091B70DF6C00752667 /* Build configuration list for PBXNativeTarget "AppAnimalTests" */;
			buildPhases = (
				875398F81B70DF6C00752667 /* Sources */,
				875398F91B70DF6C00752667 /* Frameworks */,
				875398FA1B70DF6C00752667 /* Resources */,
			);
			buildRules = (
			);
			dependencies = (
				875398FE1B70DF6C00752667 /* PBXTargetDependency */,
			);
			name = AppAnimalTests;
			productName = AppAnimalTests;
			productReference = 875398FC1B70DF6C00752667 /* AppAnimalTests.xctest */;
			productType = "com.apple.product-type.bundle.unit-test";
		};
/* End PBXNativeTarget section */

/* Begin PBXProject section */
		875398DF1B70DF6C00752667 /* Project object */ = {
			isa = PBXProject;
			attributes = {
				LastSwiftMigration = 0700;
				LastSwiftUpdateCheck = 0700;
				LastUpgradeCheck = 0700;
				ORGANIZATIONNAME = renanjunior;
				TargetAttributes = {
					875398E61B70DF6C00752667 = {
						CreatedOnToolsVersion = 6.4;
					};
					875398FB1B70DF6C00752667 = {
						CreatedOnToolsVersion = 6.4;
						TestTargetID = 875398E61B70DF6C00752667;
					};
				};
			};
			buildConfigurationList = 875398E21B70DF6C00752667 /* Build configuration list for PBXProject "AppAnimal" */;
			compatibilityVersion = "Xcode 3.2";
			developmentRegion = English;
			hasScannedForEncodings = 0;
			knownRegions = (
				en,
				Base,
			);
			mainGroup = 875398DE1B70DF6C00752667;
			productRefGroup = 875398E81B70DF6C00752667 /* Products */;
			projectDirPath = "";
			projectRoot = "";
			targets = (
				875398E61B70DF6C00752667 /* AppAnimal */,
				875398FB1B70DF6C00752667 /* AppAnimalTests */,
			);
		};
/* End PBXProject section */

/* Begin PBXResourcesBuildPhase section */
		875398E51B70DF6C00752667 /* Resources */ = {
			isa = PBXResourcesBuildPhase;
			buildActionMask = 2147483647;
			files = (
				8756F1681BC60DEF00FC442A /* close-128.png in Resources */,
				875398F21B70DF6C00752667 /* Main.storyboard in Resources */,
				87A9D7C71B83577600C7CC06 /* PetCell.xib in Resources */,
				8756DD071BB2567500703C1C /* osso4.png in Resources */,
				8756F15D1BC6080100FC442A /* main_bt_play_escu.png in Resources */,
				875398F71B70DF6C00752667 /* LaunchScreen.xib in Resources */,
				6A3F11901BB36FEB000810E0 /* Checked-25.png in Resources */,
				875398F41B70DF6C00752667 /* Images.xcassets in Resources */,
				8753FFBD1BB39DFD00ABFAEA /* th-Cartoon-Bone.png in Resources */,
				6A3F11921BB36FEB000810E0 /* Checked-50.png in Resources */,
				8756F15E1BC6080100FC442A /* main_bt_play2.png in Resources */,
				8756DD091BB25A0400703C1C /* osso5.png in Resources */,
				8756F1611BC6082D00FC442A /* PetVideoCell.xib in Resources */,
				6A0EEF941B890BF800A61325 /* camera.png in Resources */,
				8753FFBB1BB39DFD00ABFAEA /* osso.png in Resources */,
				8753FFBE1BB39DFD00ABFAEA /* Osso_de_Chafer.png in Resources */,
				879FDAF41BC4A8CB00A96A7E /* DescricaoViewController.xib in Resources */,
				6ABF9EC21BB3831300F69100 /* dog.jpeg in Resources */,
				8756F1651BC60D1F00FC442A /* btCompartilhar.png in Resources */,
				8756F1631BC60C5700FC442A /* btCompartilharPressed-iphone.png in Resources */,
				8753FFBC1BB39DFD00ABFAEA /* bones-307870_640.png in Resources */,
				6A3F11911BB36FEB000810E0 /* Checked-32.png in Resources */,
				6A3F11931BB36FEB000810E0 /* img-fundo.png in Resources */,
				6A3F11941BB36FEB000810E0 /* pets.png in Resources */,
				8756F15F1BC6080100FC442A /* main_bt_play1.png in Resources */,
				8756F1691BC60DEF00FC442A /* share-alt-120 (1).png in Resources */,
			);
			runOnlyForDeploymentPostprocessing = 0;
		};
		875398FA1B70DF6C00752667 /* Resources */ = {
			isa = PBXResourcesBuildPhase;
			buildActionMask = 2147483647;
			files = (
			);
			runOnlyForDeploymentPostprocessing = 0;
		};
/* End PBXResourcesBuildPhase section */

/* Begin PBXShellScriptBuildPhase section */
		4C1C99066716510D45860090 /* Check Pods Manifest.lock */ = {
			isa = PBXShellScriptBuildPhase;
			buildActionMask = 2147483647;
			files = (
			);
			inputPaths = (
			);
			name = "Check Pods Manifest.lock";
			outputPaths = (
			);
			runOnlyForDeploymentPostprocessing = 0;
			shellPath = /bin/sh;
			shellScript = "diff \"${PODS_ROOT}/../Podfile.lock\" \"${PODS_ROOT}/Manifest.lock\" > /dev/null\nif [[ $? != 0 ]] ; then\n    cat << EOM\nerror: The sandbox is not in sync with the Podfile.lock. Run 'pod install' or update your CocoaPods installation.\nEOM\n    exit 1\nfi\n";
			showEnvVarsInLog = 0;
		};
		74E61A61B3EAE0062A14ACA5 /* Copy Pods Resources */ = {
			isa = PBXShellScriptBuildPhase;
			buildActionMask = 2147483647;
			files = (
			);
			inputPaths = (
			);
			name = "Copy Pods Resources";
			outputPaths = (
			);
			runOnlyForDeploymentPostprocessing = 0;
			shellPath = /bin/sh;
			shellScript = "\"${SRCROOT}/Pods/Target Support Files/Pods-AppAnimal/Pods-AppAnimal-resources.sh\"\n";
			showEnvVarsInLog = 0;
		};
		AA63F389D64E5F8FEFFB4F8E /* Embed Pods Frameworks */ = {
			isa = PBXShellScriptBuildPhase;
			buildActionMask = 2147483647;
			files = (
			);
			inputPaths = (
			);
			name = "Embed Pods Frameworks";
			outputPaths = (
			);
			runOnlyForDeploymentPostprocessing = 0;
			shellPath = /bin/sh;
			shellScript = "\"${SRCROOT}/Pods/Target Support Files/Pods-AppAnimal/Pods-AppAnimal-frameworks.sh\"\n";
			showEnvVarsInLog = 0;
		};
/* End PBXShellScriptBuildPhase section */

/* Begin PBXSourcesBuildPhase section */
		875398E31B70DF6C00752667 /* Sources */ = {
			isa = PBXSourcesBuildPhase;
			buildActionMask = 2147483647;
			files = (
				879FDAF31BC4A8CB00A96A7E /* DescricaoViewController.swift in Sources */,
				87885BF61B7CBB4700664193 /* Pet.swift in Sources */,
				6A0EEF961B890D4A00A61325 /* CadastroViewController.swift in Sources */,
				87885BF81B7CBD4000664193 /* ParseModels.swift in Sources */,
				8756DCEF1BB20D1500703C1C /* MyNavigationController.swift in Sources */,
				8756DCEC1BB20D0400703C1C /* ENSideMenu.swift in Sources */,
				87809B451BB12ECE000E1F3A /* DetalhePet.swift in Sources */,
				875398EF1B70DF6C00752667 /* ViewController.swift in Sources */,
				8756DCF31BB2149E00703C1C /* BaseController.swift in Sources */,
				6A0EEF8E1B88FEE800A61325 /* AWSServices.swift in Sources */,
				875398ED1B70DF6C00752667 /* AppDelegate.swift in Sources */,
				6A0EEF981B8950F500A61325 /* Alerta.swift in Sources */,
				879967791BAA739700A3B0A6 /* PetTeste.swift in Sources */,
				8756DCED1BB20D0400703C1C /* ENSideMenuNavigationController.swift in Sources */,
				8756DCF51BB2328E00703C1C /* Video.swift in Sources */,
				8756DCF11BB20D3800703C1C /* MyMenuTableViewController.swift in Sources */,
				870B5A371B7E0ECE0087063C /* PetCell.swift in Sources */,
				8757DFFF1B7A182100E1A59E /* ClientSW.swift in Sources */,
				8756DCF91BB23F8D00703C1C /* MapaPet.swift in Sources */,
				8757DFFD1B7A164D00E1A59E /* GlobalVariables.swift in Sources */,
			);
			runOnlyForDeploymentPostprocessing = 0;
		};
		875398F81B70DF6C00752667 /* Sources */ = {
			isa = PBXSourcesBuildPhase;
			buildActionMask = 2147483647;
			files = (
				875399031B70DF6C00752667 /* AppAnimalTests.swift in Sources */,
			);
			runOnlyForDeploymentPostprocessing = 0;
		};
/* End PBXSourcesBuildPhase section */

/* Begin PBXTargetDependency section */
		875398FE1B70DF6C00752667 /* PBXTargetDependency */ = {
			isa = PBXTargetDependency;
			target = 875398E61B70DF6C00752667 /* AppAnimal */;
			targetProxy = 875398FD1B70DF6C00752667 /* PBXContainerItemProxy */;
		};
/* End PBXTargetDependency section */

/* Begin PBXVariantGroup section */
		875398F01B70DF6C00752667 /* Main.storyboard */ = {
			isa = PBXVariantGroup;
			children = (
				875398F11B70DF6C00752667 /* Base */,
			);
			name = Main.storyboard;
			sourceTree = "<group>";
		};
		875398F51B70DF6C00752667 /* LaunchScreen.xib */ = {
			isa = PBXVariantGroup;
			children = (
				875398F61B70DF6C00752667 /* Base */,
			);
			name = LaunchScreen.xib;
			sourceTree = "<group>";
		};
/* End PBXVariantGroup section */

/* Begin XCBuildConfiguration section */
		875399041B70DF6C00752667 /* Debug */ = {
			isa = XCBuildConfiguration;
			buildSettings = {
				ALWAYS_SEARCH_USER_PATHS = NO;
				CLANG_CXX_LANGUAGE_STANDARD = "gnu++0x";
				CLANG_CXX_LIBRARY = "libc++";
				CLANG_ENABLE_MODULES = YES;
				CLANG_ENABLE_OBJC_ARC = YES;
				CLANG_WARN_BOOL_CONVERSION = YES;
				CLANG_WARN_CONSTANT_CONVERSION = YES;
				CLANG_WARN_DIRECT_OBJC_ISA_USAGE = YES_ERROR;
				CLANG_WARN_EMPTY_BODY = YES;
				CLANG_WARN_ENUM_CONVERSION = YES;
				CLANG_WARN_INT_CONVERSION = YES;
				CLANG_WARN_OBJC_ROOT_CLASS = YES_ERROR;
				CLANG_WARN_UNREACHABLE_CODE = YES;
				CLANG_WARN__DUPLICATE_METHOD_MATCH = YES;
				"CODE_SIGN_IDENTITY[sdk=iphoneos*]" = "iPhone Developer";
				COPY_PHASE_STRIP = NO;
				DEBUG_INFORMATION_FORMAT = "dwarf-with-dsym";
				ENABLE_STRICT_OBJC_MSGSEND = YES;
				ENABLE_TESTABILITY = YES;
				GCC_C_LANGUAGE_STANDARD = gnu99;
				GCC_DYNAMIC_NO_PIC = NO;
				GCC_NO_COMMON_BLOCKS = YES;
				GCC_OPTIMIZATION_LEVEL = 0;
				GCC_PREPROCESSOR_DEFINITIONS = (
					"DEBUG=1",
					"$(inherited)",
				);
				GCC_SYMBOLS_PRIVATE_EXTERN = NO;
				GCC_WARN_64_TO_32_BIT_CONVERSION = YES;
				GCC_WARN_ABOUT_RETURN_TYPE = YES_ERROR;
				GCC_WARN_UNDECLARED_SELECTOR = YES;
				GCC_WARN_UNINITIALIZED_AUTOS = YES_AGGRESSIVE;
				GCC_WARN_UNUSED_FUNCTION = YES;
				GCC_WARN_UNUSED_VARIABLE = YES;
				IPHONEOS_DEPLOYMENT_TARGET = 9.0;
				MTL_ENABLE_DEBUG_INFO = YES;
				ONLY_ACTIVE_ARCH = YES;
				SDKROOT = iphoneos;
				SWIFT_OPTIMIZATION_LEVEL = "-Onone";
				TARGETED_DEVICE_FAMILY = "1,2";
			};
			name = Debug;
		};
		875399051B70DF6C00752667 /* Release */ = {
			isa = XCBuildConfiguration;
			buildSettings = {
				ALWAYS_SEARCH_USER_PATHS = NO;
				CLANG_CXX_LANGUAGE_STANDARD = "gnu++0x";
				CLANG_CXX_LIBRARY = "libc++";
				CLANG_ENABLE_MODULES = YES;
				CLANG_ENABLE_OBJC_ARC = YES;
				CLANG_WARN_BOOL_CONVERSION = YES;
				CLANG_WARN_CONSTANT_CONVERSION = YES;
				CLANG_WARN_DIRECT_OBJC_ISA_USAGE = YES_ERROR;
				CLANG_WARN_EMPTY_BODY = YES;
				CLANG_WARN_ENUM_CONVERSION = YES;
				CLANG_WARN_INT_CONVERSION = YES;
				CLANG_WARN_OBJC_ROOT_CLASS = YES_ERROR;
				CLANG_WARN_UNREACHABLE_CODE = YES;
				CLANG_WARN__DUPLICATE_METHOD_MATCH = YES;
				"CODE_SIGN_IDENTITY[sdk=iphoneos*]" = "iPhone Developer";
				COPY_PHASE_STRIP = NO;
				DEBUG_INFORMATION_FORMAT = "dwarf-with-dsym";
				ENABLE_NS_ASSERTIONS = NO;
				ENABLE_STRICT_OBJC_MSGSEND = YES;
				GCC_C_LANGUAGE_STANDARD = gnu99;
				GCC_NO_COMMON_BLOCKS = YES;
				GCC_WARN_64_TO_32_BIT_CONVERSION = YES;
				GCC_WARN_ABOUT_RETURN_TYPE = YES_ERROR;
				GCC_WARN_UNDECLARED_SELECTOR = YES;
				GCC_WARN_UNINITIALIZED_AUTOS = YES_AGGRESSIVE;
				GCC_WARN_UNUSED_FUNCTION = YES;
				GCC_WARN_UNUSED_VARIABLE = YES;
				IPHONEOS_DEPLOYMENT_TARGET = 9.0;
				MTL_ENABLE_DEBUG_INFO = NO;
				SDKROOT = iphoneos;
				TARGETED_DEVICE_FAMILY = "1,2";
				VALIDATE_PRODUCT = YES;
			};
			name = Release;
		};
		875399071B70DF6C00752667 /* Debug */ = {
			isa = XCBuildConfiguration;
			baseConfigurationReference = 80368B6E0D8BA2B664704A66 /* Pods-AppAnimal.debug.xcconfig */;
			buildSettings = {
				ASSETCATALOG_COMPILER_APPICON_NAME = AppIcon;
				ASSETCATALOG_COMPILER_LAUNCHIMAGE_NAME = LaunchImage;
				INFOPLIST_FILE = AppAnimal/Info.plist;
				IPHONEOS_DEPLOYMENT_TARGET = 8.2;
				LD_RUNPATH_SEARCH_PATHS = "$(inherited) @executable_path/Frameworks";
				PRODUCT_BUNDLE_IDENTIFIER = "renan2junior.$(PRODUCT_NAME:rfc1034identifier)";
				PRODUCT_NAME = "$(TARGET_NAME)";
				SWIFT_OBJC_BRIDGING_HEADER = "AppAnimal/ObjectiveC-Bridging-Header.h";
			};
			name = Debug;
		};
		875399081B70DF6C00752667 /* Release */ = {
			isa = XCBuildConfiguration;
			baseConfigurationReference = F28D07534D1A5A18139FDC88 /* Pods-AppAnimal.release.xcconfig */;
			buildSettings = {
				ASSETCATALOG_COMPILER_APPICON_NAME = AppIcon;
				ASSETCATALOG_COMPILER_LAUNCHIMAGE_NAME = LaunchImage;
				INFOPLIST_FILE = AppAnimal/Info.plist;
				IPHONEOS_DEPLOYMENT_TARGET = 8.2;
				LD_RUNPATH_SEARCH_PATHS = "$(inherited) @executable_path/Frameworks";
				PRODUCT_BUNDLE_IDENTIFIER = "renan2junior.$(PRODUCT_NAME:rfc1034identifier)";
				PRODUCT_NAME = "$(TARGET_NAME)";
				SWIFT_OBJC_BRIDGING_HEADER = "AppAnimal/ObjectiveC-Bridging-Header.h";
			};
			name = Release;
		};
		8753990A1B70DF6C00752667 /* Debug */ = {
			isa = XCBuildConfiguration;
			buildSettings = {
				BUNDLE_LOADER = "$(TEST_HOST)";
				FRAMEWORK_SEARCH_PATHS = (
					"$(SDKROOT)/Developer/Library/Frameworks",
					"$(inherited)",
				);
				GCC_PREPROCESSOR_DEFINITIONS = (
					"DEBUG=1",
					"$(inherited)",
				);
				INFOPLIST_FILE = AppAnimalTests/Info.plist;
				IPHONEOS_DEPLOYMENT_TARGET = 8.3;
				LD_RUNPATH_SEARCH_PATHS = "$(inherited) @executable_path/Frameworks @loader_path/Frameworks";
				PRODUCT_BUNDLE_IDENTIFIER = "renan2junior.$(PRODUCT_NAME:rfc1034identifier)";
				PRODUCT_NAME = "$(TARGET_NAME)";
				TEST_HOST = "$(BUILT_PRODUCTS_DIR)/AppAnimal.app/AppAnimal";
			};
			name = Debug;
		};
		8753990B1B70DF6C00752667 /* Release */ = {
			isa = XCBuildConfiguration;
			buildSettings = {
				BUNDLE_LOADER = "$(TEST_HOST)";
				FRAMEWORK_SEARCH_PATHS = (
					"$(SDKROOT)/Developer/Library/Frameworks",
					"$(inherited)",
				);
				INFOPLIST_FILE = AppAnimalTests/Info.plist;
				IPHONEOS_DEPLOYMENT_TARGET = 8.3;
				LD_RUNPATH_SEARCH_PATHS = "$(inherited) @executable_path/Frameworks @loader_path/Frameworks";
				PRODUCT_BUNDLE_IDENTIFIER = "renan2junior.$(PRODUCT_NAME:rfc1034identifier)";
				PRODUCT_NAME = "$(TARGET_NAME)";
				TEST_HOST = "$(BUILT_PRODUCTS_DIR)/AppAnimal.app/AppAnimal";
			};
			name = Release;
		};
/* End XCBuildConfiguration section */

/* Begin XCConfigurationList section */
		875398E21B70DF6C00752667 /* Build configuration list for PBXProject "AppAnimal" */ = {
			isa = XCConfigurationList;
			buildConfigurations = (
				875399041B70DF6C00752667 /* Debug */,
				875399051B70DF6C00752667 /* Release */,
			);
			defaultConfigurationIsVisible = 0;
			defaultConfigurationName = Release;
		};
		875399061B70DF6C00752667 /* Build configuration list for PBXNativeTarget "AppAnimal" */ = {
			isa = XCConfigurationList;
			buildConfigurations = (
				875399071B70DF6C00752667 /* Debug */,
				875399081B70DF6C00752667 /* Release */,
			);
			defaultConfigurationIsVisible = 0;
			defaultConfigurationName = Release;
		};
		875399091B70DF6C00752667 /* Build configuration list for PBXNativeTarget "AppAnimalTests" */ = {
			isa = XCConfigurationList;
			buildConfigurations = (
				8753990A1B70DF6C00752667 /* Debug */,
				8753990B1B70DF6C00752667 /* Release */,
			);
			defaultConfigurationIsVisible = 0;
			defaultConfigurationName = Release;
		};
/* End XCConfigurationList section */
	};
	rootObject = 875398DF1B70DF6C00752667 /* Project object */;
}
