// !$*UTF8*$!
{
	archiveVersion = 1;
	classes = {
	};
	objectVersion = 46;
	objects = {

/* Begin PBXBuildFile section */
		87AE77851B70D40D003941BB /* AppDelegate.swift in Sources */ = {isa = PBXBuildFile; fileRef = 87AE77841B70D40D003941BB /* AppDelegate.swift */; };
		87AE77871B70D40D003941BB /* ViewController.swift in Sources */ = {isa = PBXBuildFile; fileRef = 87AE77861B70D40D003941BB /* ViewController.swift */; };
		87AE778A1B70D40D003941BB /* Main.storyboard in Resources */ = {isa = PBXBuildFile; fileRef = 87AE77881B70D40D003941BB /* Main.storyboard */; };
		87AE778C1B70D40D003941BB /* Images.xcassets in Resources */ = {isa = PBXBuildFile; fileRef = 87AE778B1B70D40D003941BB /* Images.xcassets */; };
		87AE778F1B70D40D003941BB /* LaunchScreen.xib in Resources */ = {isa = PBXBuildFile; fileRef = 87AE778D1B70D40D003941BB /* LaunchScreen.xib */; };
		87AE779B1B70D40D003941BB /* AppAnimalTests.swift in Sources */ = {isa = PBXBuildFile; fileRef = 87AE779A1B70D40D003941BB /* AppAnimalTests.swift */; };
		CFA4D1315578643AEB6D414A /* libPods-AppAnimal.a in Frameworks */ = {isa = PBXBuildFile; fileRef = FF612A8184E734FFC94D3FCE /* libPods-AppAnimal.a */; };
/* End PBXBuildFile section */

/* Begin PBXContainerItemProxy section */
		87AE77951B70D40D003941BB /* PBXContainerItemProxy */ = {
			isa = PBXContainerItemProxy;
			containerPortal = 87AE77771B70D40D003941BB /* Project object */;
			proxyType = 1;
			remoteGlobalIDString = 87AE777E1B70D40D003941BB;
			remoteInfo = AppAnimal;
		};
/* End PBXContainerItemProxy section */

/* Begin PBXFileReference section */
		87AE777F1B70D40D003941BB /* AppAnimal.app */ = {isa = PBXFileReference; explicitFileType = wrapper.application; includeInIndex = 0; path = AppAnimal.app; sourceTree = BUILT_PRODUCTS_DIR; };
		87AE77831B70D40D003941BB /* Info.plist */ = {isa = PBXFileReference; lastKnownFileType = text.plist.xml; path = Info.plist; sourceTree = "<group>"; };
		87AE77841B70D40D003941BB /* AppDelegate.swift */ = {isa = PBXFileReference; lastKnownFileType = sourcecode.swift; path = AppDelegate.swift; sourceTree = "<group>"; };
		87AE77861B70D40D003941BB /* ViewController.swift */ = {isa = PBXFileReference; lastKnownFileType = sourcecode.swift; path = ViewController.swift; sourceTree = "<group>"; };
		87AE77891B70D40D003941BB /* Base */ = {isa = PBXFileReference; lastKnownFileType = file.storyboard; name = Base; path = Base.lproj/Main.storyboard; sourceTree = "<group>"; };
		87AE778B1B70D40D003941BB /* Images.xcassets */ = {isa = PBXFileReference; lastKnownFileType = folder.assetcatalog; path = Images.xcassets; sourceTree = "<group>"; };
		87AE778E1B70D40D003941BB /* Base */ = {isa = PBXFileReference; lastKnownFileType = file.xib; name = Base; path = Base.lproj/LaunchScreen.xib; sourceTree = "<group>"; };
		87AE77941B70D40D003941BB /* AppAnimalTests.xctest */ = {isa = PBXFileReference; explicitFileType = wrapper.cfbundle; includeInIndex = 0; path = AppAnimalTests.xctest; sourceTree = BUILT_PRODUCTS_DIR; };
		87AE77991B70D40D003941BB /* Info.plist */ = {isa = PBXFileReference; lastKnownFileType = text.plist.xml; path = Info.plist; sourceTree = "<group>"; };
		87AE779A1B70D40D003941BB /* AppAnimalTests.swift */ = {isa = PBXFileReference; lastKnownFileType = sourcecode.swift; path = AppAnimalTests.swift; sourceTree = "<group>"; };
		BCCA92737CD3C09E95350069 /* Pods-AppAnimal.debug.xcconfig */ = {isa = PBXFileReference; includeInIndex = 1; lastKnownFileType = text.xcconfig; name = "Pods-AppAnimal.debug.xcconfig"; path = "Pods/Target Support Files/Pods-AppAnimal/Pods-AppAnimal.debug.xcconfig"; sourceTree = "<group>"; };
		DB2D022F72C5CCCFD74D2EE9 /* Pods-AppAnimal.release.xcconfig */ = {isa = PBXFileReference; includeInIndex = 1; lastKnownFileType = text.xcconfig; name = "Pods-AppAnimal.release.xcconfig"; path = "Pods/Target Support Files/Pods-AppAnimal/Pods-AppAnimal.release.xcconfig"; sourceTree = "<group>"; };
		FF612A8184E734FFC94D3FCE /* libPods-AppAnimal.a */ = {isa = PBXFileReference; explicitFileType = archive.ar; includeInIndex = 0; path = "libPods-AppAnimal.a"; sourceTree = BUILT_PRODUCTS_DIR; };
/* End PBXFileReference section */

/* Begin PBXFrameworksBuildPhase section */
		87AE777C1B70D40D003941BB /* Frameworks */ = {
			isa = PBXFrameworksBuildPhase;
			buildActionMask = 2147483647;
			files = (
				CFA4D1315578643AEB6D414A /* libPods-AppAnimal.a in Frameworks */,
			);
			runOnlyForDeploymentPostprocessing = 0;
		};
		87AE77911B70D40D003941BB /* Frameworks */ = {
			isa = PBXFrameworksBuildPhase;
			buildActionMask = 2147483647;
			files = (
			);
			runOnlyForDeploymentPostprocessing = 0;
		};
/* End PBXFrameworksBuildPhase section */

/* Begin PBXGroup section */
		4E7B1EFA5A54E0D698D41730 /* Frameworks */ = {
			isa = PBXGroup;
			children = (
				FF612A8184E734FFC94D3FCE /* libPods-AppAnimal.a */,
			);
			name = Frameworks;
			sourceTree = "<group>";
		};
		72740E5725B9EB5FA0F30510 /* Pods */ = {
			isa = PBXGroup;
			children = (
				BCCA92737CD3C09E95350069 /* Pods-AppAnimal.debug.xcconfig */,
				DB2D022F72C5CCCFD74D2EE9 /* Pods-AppAnimal.release.xcconfig */,
			);
			name = Pods;
			sourceTree = "<group>";
		};
		87AE77761B70D40D003941BB = {
			isa = PBXGroup;
			children = (
				87AE77811B70D40D003941BB /* AppAnimal */,
				87AE77971B70D40D003941BB /* AppAnimalTests */,
				87AE77801B70D40D003941BB /* Products */,
				72740E5725B9EB5FA0F30510 /* Pods */,
				4E7B1EFA5A54E0D698D41730 /* Frameworks */,
			);
			sourceTree = "<group>";
		};
		87AE77801B70D40D003941BB /* Products */ = {
			isa = PBXGroup;
			children = (
				87AE777F1B70D40D003941BB /* AppAnimal.app */,
				87AE77941B70D40D003941BB /* AppAnimalTests.xctest */,
			);
			name = Products;
			sourceTree = "<group>";
		};
		87AE77811B70D40D003941BB /* AppAnimal */ = {
			isa = PBXGroup;
			children = (
				87AE77841B70D40D003941BB /* AppDelegate.swift */,
				87AE77861B70D40D003941BB /* ViewController.swift */,
				87AE77881B70D40D003941BB /* Main.storyboard */,
				87AE778B1B70D40D003941BB /* Images.xcassets */,
				87AE778D1B70D40D003941BB /* LaunchScreen.xib */,
				87AE77821B70D40D003941BB /* Supporting Files */,
			);
			path = AppAnimal;
			sourceTree = "<group>";
		};
		87AE77821B70D40D003941BB /* Supporting Files */ = {
			isa = PBXGroup;
			children = (
				87AE77831B70D40D003941BB /* Info.plist */,
			);
			name = "Supporting Files";
			sourceTree = "<group>";
		};
		87AE77971B70D40D003941BB /* AppAnimalTests */ = {
			isa = PBXGroup;
			children = (
				87AE779A1B70D40D003941BB /* AppAnimalTests.swift */,
				87AE77981B70D40D003941BB /* Supporting Files */,
			);
			path = AppAnimalTests;
			sourceTree = "<group>";
		};
		87AE77981B70D40D003941BB /* Supporting Files */ = {
			isa = PBXGroup;
			children = (
				87AE77991B70D40D003941BB /* Info.plist */,
			);
			name = "Supporting Files";
			sourceTree = "<group>";
		};
/* End PBXGroup section */

/* Begin PBXNativeTarget section */
		87AE777E1B70D40D003941BB /* AppAnimal */ = {
			isa = PBXNativeTarget;
			buildConfigurationList = 87AE779E1B70D40D003941BB /* Build configuration list for PBXNativeTarget "AppAnimal" */;
			buildPhases = (
				EF564C0BB73A309DDAE17632 /* Check Pods Manifest.lock */,
				87AE777B1B70D40D003941BB /* Sources */,
				87AE777C1B70D40D003941BB /* Frameworks */,
				87AE777D1B70D40D003941BB /* Resources */,
				BC4198E65E143B1512A0304D /* Copy Pods Resources */,
			);
			buildRules = (
			);
			dependencies = (
			);
			name = AppAnimal;
			productName = AppAnimal;
			productReference = 87AE777F1B70D40D003941BB /* AppAnimal.app */;
			productType = "com.apple.product-type.application";
		};
		87AE77931B70D40D003941BB /* AppAnimalTests */ = {
			isa = PBXNativeTarget;
			buildConfigurationList = 87AE77A11B70D40D003941BB /* Build configuration list for PBXNativeTarget "AppAnimalTests" */;
			buildPhases = (
				87AE77901B70D40D003941BB /* Sources */,
				87AE77911B70D40D003941BB /* Frameworks */,
				87AE77921B70D40D003941BB /* Resources */,
			);
			buildRules = (
			);
			dependencies = (
				87AE77961B70D40D003941BB /* PBXTargetDependency */,
			);
			name = AppAnimalTests;
			productName = AppAnimalTests;
			productReference = 87AE77941B70D40D003941BB /* AppAnimalTests.xctest */;
			productType = "com.apple.product-type.bundle.unit-test";
		};
/* End PBXNativeTarget section */

/* Begin PBXProject section */
		87AE77771B70D40D003941BB /* Project object */ = {
			isa = PBXProject;
			attributes = {
				LastUpgradeCheck = 0640;
				ORGANIZATIONNAME = renanjunior;
				TargetAttributes = {
					87AE777E1B70D40D003941BB = {
						CreatedOnToolsVersion = 6.4;
					};
					87AE77931B70D40D003941BB = {
						CreatedOnToolsVersion = 6.4;
						TestTargetID = 87AE777E1B70D40D003941BB;
					};
				};
			};
			buildConfigurationList = 87AE777A1B70D40D003941BB /* Build configuration list for PBXProject "AppAnimal" */;
			compatibilityVersion = "Xcode 3.2";
			developmentRegion = English;
			hasScannedForEncodings = 0;
			knownRegions = (
				en,
				Base,
			);
			mainGroup = 87AE77761B70D40D003941BB;
			productRefGroup = 87AE77801B70D40D003941BB /* Products */;
			projectDirPath = "";
			projectRoot = "";
			targets = (
				87AE777E1B70D40D003941BB /* AppAnimal */,
				87AE77931B70D40D003941BB /* AppAnimalTests */,
			);
		};
/* End PBXProject section */

/* Begin PBXResourcesBuildPhase section */
		87AE777D1B70D40D003941BB /* Resources */ = {
			isa = PBXResourcesBuildPhase;
			buildActionMask = 2147483647;
			files = (
				87AE778A1B70D40D003941BB /* Main.storyboard in Resources */,
				87AE778F1B70D40D003941BB /* LaunchScreen.xib in Resources */,
				87AE778C1B70D40D003941BB /* Images.xcassets in Resources */,
			);
			runOnlyForDeploymentPostprocessing = 0;
		};
		87AE77921B70D40D003941BB /* Resources */ = {
			isa = PBXResourcesBuildPhase;
			buildActionMask = 2147483647;
			files = (
			);
			runOnlyForDeploymentPostprocessing = 0;
		};
/* End PBXResourcesBuildPhase section */

/* Begin PBXShellScriptBuildPhase section */
		BC4198E65E143B1512A0304D /* Copy Pods Resources */ = {
			isa = PBXShellScriptBuildPhase;
			buildActionMask = 2147483647;
			files = (
			);
			inputPaths = (
			);
			name = "Copy Pods Resources";
			outputPaths = (
			);
			runOnlyForDeploymentPostprocessing = 0;
			shellPath = /bin/sh;
			shellScript = "\"${SRCROOT}/Pods/Target Support Files/Pods-AppAnimal/Pods-AppAnimal-resources.sh\"\n";
			showEnvVarsInLog = 0;
		};
		EF564C0BB73A309DDAE17632 /* Check Pods Manifest.lock */ = {
			isa = PBXShellScriptBuildPhase;
			buildActionMask = 2147483647;
			files = (
			);
			inputPaths = (
			);
			name = "Check Pods Manifest.lock";
			outputPaths = (
			);
			runOnlyForDeploymentPostprocessing = 0;
			shellPath = /bin/sh;
			shellScript = "diff \"${PODS_ROOT}/../Podfile.lock\" \"${PODS_ROOT}/Manifest.lock\" > /dev/null\nif [[ $? != 0 ]] ; then\n    cat << EOM\nerror: The sandbox is not in sync with the Podfile.lock. Run 'pod install' or update your CocoaPods installation.\nEOM\n    exit 1\nfi\n";
			showEnvVarsInLog = 0;
		};
/* End PBXShellScriptBuildPhase section */

/* Begin PBXSourcesBuildPhase section */
		87AE777B1B70D40D003941BB /* Sources */ = {
			isa = PBXSourcesBuildPhase;
			buildActionMask = 2147483647;
			files = (
				87AE77871B70D40D003941BB /* ViewController.swift in Sources */,
				87AE77851B70D40D003941BB /* AppDelegate.swift in Sources */,
			);
			runOnlyForDeploymentPostprocessing = 0;
		};
		87AE77901B70D40D003941BB /* Sources */ = {
			isa = PBXSourcesBuildPhase;
			buildActionMask = 2147483647;
			files = (
				87AE779B1B70D40D003941BB /* AppAnimalTests.swift in Sources */,
			);
			runOnlyForDeploymentPostprocessing = 0;
		};
/* End PBXSourcesBuildPhase section */

/* Begin PBXTargetDependency section */
		87AE77961B70D40D003941BB /* PBXTargetDependency */ = {
			isa = PBXTargetDependency;
			target = 87AE777E1B70D40D003941BB /* AppAnimal */;
			targetProxy = 87AE77951B70D40D003941BB /* PBXContainerItemProxy */;
		};
/* End PBXTargetDependency section */

/* Begin PBXVariantGroup section */
		87AE77881B70D40D003941BB /* Main.storyboard */ = {
			isa = PBXVariantGroup;
			children = (
				87AE77891B70D40D003941BB /* Base */,
			);
			name = Main.storyboard;
			sourceTree = "<group>";
		};
		87AE778D1B70D40D003941BB /* LaunchScreen.xib */ = {
			isa = PBXVariantGroup;
			children = (
				87AE778E1B70D40D003941BB /* Base */,
			);
			name = LaunchScreen.xib;
			sourceTree = "<group>";
		};
/* End PBXVariantGroup section */

/* Begin XCBuildConfiguration section */
		87AE779C1B70D40D003941BB /* Debug */ = {
			isa = XCBuildConfiguration;
			buildSettings = {
				ALWAYS_SEARCH_USER_PATHS = NO;
				CLANG_CXX_LANGUAGE_STANDARD = "gnu++0x";
				CLANG_CXX_LIBRARY = "libc++";
				CLANG_ENABLE_MODULES = YES;
				CLANG_ENABLE_OBJC_ARC = YES;
				CLANG_WARN_BOOL_CONVERSION = YES;
				CLANG_WARN_CONSTANT_CONVERSION = YES;
				CLANG_WARN_DIRECT_OBJC_ISA_USAGE = YES_ERROR;
				CLANG_WARN_EMPTY_BODY = YES;
				CLANG_WARN_ENUM_CONVERSION = YES;
				CLANG_WARN_INT_CONVERSION = YES;
				CLANG_WARN_OBJC_ROOT_CLASS = YES_ERROR;
				CLANG_WARN_UNREACHABLE_CODE = YES;
				CLANG_WARN__DUPLICATE_METHOD_MATCH = YES;
				"CODE_SIGN_IDENTITY[sdk=iphoneos*]" = "iPhone Developer";
				COPY_PHASE_STRIP = NO;
				DEBUG_INFORMATION_FORMAT = "dwarf-with-dsym";
				ENABLE_STRICT_OBJC_MSGSEND = YES;
				GCC_C_LANGUAGE_STANDARD = gnu99;
				GCC_DYNAMIC_NO_PIC = NO;
				GCC_NO_COMMON_BLOCKS = YES;
				GCC_OPTIMIZATION_LEVEL = 0;
				GCC_PREPROCESSOR_DEFINITIONS = (
					"DEBUG=1",
					"$(inherited)",
				);
				GCC_SYMBOLS_PRIVATE_EXTERN = NO;
				GCC_WARN_64_TO_32_BIT_CONVERSION = YES;
				GCC_WARN_ABOUT_RETURN_TYPE = YES_ERROR;
				GCC_WARN_UNDECLARED_SELECTOR = YES;
				GCC_WARN_UNINITIALIZED_AUTOS = YES_AGGRESSIVE;
				GCC_WARN_UNUSED_FUNCTION = YES;
				GCC_WARN_UNUSED_VARIABLE = YES;
				IPHONEOS_DEPLOYMENT_TARGET = 8.4;
				MTL_ENABLE_DEBUG_INFO = YES;
				ONLY_ACTIVE_ARCH = YES;
				SDKROOT = iphoneos;
				SWIFT_OPTIMIZATION_LEVEL = "-Onone";
				TARGETED_DEVICE_FAMILY = "1,2";
			};
			name = Debug;
		};
		87AE779D1B70D40D003941BB /* Release */ = {
			isa = XCBuildConfiguration;
			buildSettings = {
				ALWAYS_SEARCH_USER_PATHS = NO;
				CLANG_CXX_LANGUAGE_STANDARD = "gnu++0x";
				CLANG_CXX_LIBRARY = "libc++";
				CLANG_ENABLE_MODULES = YES;
				CLANG_ENABLE_OBJC_ARC = YES;
				CLANG_WARN_BOOL_CONVERSION = YES;
				CLANG_WARN_CONSTANT_CONVERSION = YES;
				CLANG_WARN_DIRECT_OBJC_ISA_USAGE = YES_ERROR;
				CLANG_WARN_EMPTY_BODY = YES;
				CLANG_WARN_ENUM_CONVERSION = YES;
				CLANG_WARN_INT_CONVERSION = YES;
				CLANG_WARN_OBJC_ROOT_CLASS = YES_ERROR;
				CLANG_WARN_UNREACHABLE_CODE = YES;
				CLANG_WARN__DUPLICATE_METHOD_MATCH = YES;
				"CODE_SIGN_IDENTITY[sdk=iphoneos*]" = "iPhone Developer";
				COPY_PHASE_STRIP = NO;
				DEBUG_INFORMATION_FORMAT = "dwarf-with-dsym";
				ENABLE_NS_ASSERTIONS = NO;
				ENABLE_STRICT_OBJC_MSGSEND = YES;
				GCC_C_LANGUAGE_STANDARD = gnu99;
				GCC_NO_COMMON_BLOCKS = YES;
				GCC_WARN_64_TO_32_BIT_CONVERSION = YES;
				GCC_WARN_ABOUT_RETURN_TYPE = YES_ERROR;
				GCC_WARN_UNDECLARED_SELECTOR = YES;
				GCC_WARN_UNINITIALIZED_AUTOS = YES_AGGRESSIVE;
				GCC_WARN_UNUSED_FUNCTION = YES;
				GCC_WARN_UNUSED_VARIABLE = YES;
				IPHONEOS_DEPLOYMENT_TARGET = 8.4;
				MTL_ENABLE_DEBUG_INFO = NO;
				SDKROOT = iphoneos;
				TARGETED_DEVICE_FAMILY = "1,2";
				VALIDATE_PRODUCT = YES;
			};
			name = Release;
		};
		87AE779F1B70D40D003941BB /* Debug */ = {
			isa = XCBuildConfiguration;
			baseConfigurationReference = BCCA92737CD3C09E95350069 /* Pods-AppAnimal.debug.xcconfig */;
			buildSettings = {
				ASSETCATALOG_COMPILER_APPICON_NAME = AppIcon;
				INFOPLIST_FILE = AppAnimal/Info.plist;
				LD_RUNPATH_SEARCH_PATHS = "$(inherited) @executable_path/Frameworks";
				PRODUCT_NAME = "$(TARGET_NAME)";
			};
			name = Debug;
		};
		87AE77A01B70D40D003941BB /* Release */ = {
			isa = XCBuildConfiguration;
			baseConfigurationReference = DB2D022F72C5CCCFD74D2EE9 /* Pods-AppAnimal.release.xcconfig */;
			buildSettings = {
				ASSETCATALOG_COMPILER_APPICON_NAME = AppIcon;
				INFOPLIST_FILE = AppAnimal/Info.plist;
				LD_RUNPATH_SEARCH_PATHS = "$(inherited) @executable_path/Frameworks";
				PRODUCT_NAME = "$(TARGET_NAME)";
			};
			name = Release;
		};
		87AE77A21B70D40D003941BB /* Debug */ = {
			isa = XCBuildConfiguration;
			buildSettings = {
				BUNDLE_LOADER = "$(TEST_HOST)";
				FRAMEWORK_SEARCH_PATHS = (
					"$(SDKROOT)/Developer/Library/Frameworks",
					"$(inherited)",
				);
				GCC_PREPROCESSOR_DEFINITIONS = (
					"DEBUG=1",
					"$(inherited)",
				);
				INFOPLIST_FILE = AppAnimalTests/Info.plist;
				LD_RUNPATH_SEARCH_PATHS = "$(inherited) @executable_path/Frameworks @loader_path/Frameworks";
				PRODUCT_NAME = "$(TARGET_NAME)";
				TEST_HOST = "$(BUILT_PRODUCTS_DIR)/AppAnimal.app/AppAnimal";
			};
			name = Debug;
		};
		87AE77A31B70D40D003941BB /* Release */ = {
			isa = XCBuildConfiguration;
			buildSettings = {
				BUNDLE_LOADER = "$(TEST_HOST)";
				FRAMEWORK_SEARCH_PATHS = (
					"$(SDKROOT)/Developer/Library/Frameworks",
					"$(inherited)",
				);
				INFOPLIST_FILE = AppAnimalTests/Info.plist;
				LD_RUNPATH_SEARCH_PATHS = "$(inherited) @executable_path/Frameworks @loader_path/Frameworks";
				PRODUCT_NAME = "$(TARGET_NAME)";
				TEST_HOST = "$(BUILT_PRODUCTS_DIR)/AppAnimal.app/AppAnimal";
			};
			name = Release;
		};
/* End XCBuildConfiguration section */

/* Begin XCConfigurationList section */
		87AE777A1B70D40D003941BB /* Build configuration list for PBXProject "AppAnimal" */ = {
			isa = XCConfigurationList;
			buildConfigurations = (
				87AE779C1B70D40D003941BB /* Debug */,
				87AE779D1B70D40D003941BB /* Release */,
			);
			defaultConfigurationIsVisible = 0;
			defaultConfigurationName = Release;
		};
		87AE779E1B70D40D003941BB /* Build configuration list for PBXNativeTarget "AppAnimal" */ = {
			isa = XCConfigurationList;
			buildConfigurations = (
				87AE779F1B70D40D003941BB /* Debug */,
				87AE77A01B70D40D003941BB /* Release */,
			);
			defaultConfigurationIsVisible = 0;
			defaultConfigurationName = Release;
		};
		87AE77A11B70D40D003941BB /* Build configuration list for PBXNativeTarget "AppAnimalTests" */ = {
			isa = XCConfigurationList;
			buildConfigurations = (
				87AE77A21B70D40D003941BB /* Debug */,
				87AE77A31B70D40D003941BB /* Release */,
			);
			defaultConfigurationIsVisible = 0;
			defaultConfigurationName = Release;
		};
/* End XCConfigurationList section */
	};
	rootObject = 87AE77771B70D40D003941BB /* Project object */;
}
